
Microsoft Visual Studio Solution File, Format Version 12.00
# Visual Studio 14
VisualStudioVersion = 14.0.25420.1
MinimumVisualStudioVersion = 10.0.40219.1
Project("{2150E333-8FDC-42A3-9474-1A3956D46DE8}") = ".paket", ".paket", "{8288E666-587C-4D00-8B23-52E235E5C622}"
	ProjectSection(SolutionItems) = preProject
		paket.dependencies = paket.dependencies
		paket.lock = paket.lock
	EndProjectSection
EndProject
Project("{2150E333-8FDC-42A3-9474-1A3956D46DE8}") = ".nuget", ".nuget", "{410EA144-B99A-495B-B487-27981ECF5F79}"
EndProject
Project("{2150E333-8FDC-42A3-9474-1A3956D46DE8}") = "fake", "fake", "{CB3CFC8F-7D63-44BA-A2DA-1681D61E3303}"
	ProjectSection(SolutionItems) = preProject
		.deployment = .deployment
		build.cmd = build.cmd
		build.fsx = build.fsx
	EndProjectSection
EndProject
Project("{F2A71F9B-5D33-465A-A702-920D77279786}") = "GreyTide", "GreyTide\GreyTide.fsproj", "{45AF1EFF-94FB-4867-917A-D2F04EDDAFCE}"
EndProject
Project("{2150E333-8FDC-42A3-9474-1A3956D46DE8}") = "assets", "assets", "{70D70EEB-4401-440B-A55C-EA7B3A5CB032}"
	ProjectSection(SolutionItems) = preProject
		GreyTideAssets\index.html = GreyTideAssets\index.html
		GreyTideAssets\setup.html = GreyTideAssets\setup.html
		GreyTideAssets\signin.html = GreyTideAssets\signin.html
	EndProjectSection
EndProject
Global
	GlobalSection(SolutionConfigurationPlatforms) = preSolution
		Debug|Any CPU = Debug|Any CPU
		Release|Any CPU = Release|Any CPU
	EndGlobalSection
	GlobalSection(ProjectConfigurationPlatforms) = postSolution
		{45AF1EFF-94FB-4867-917A-D2F04EDDAFCE}.Debug|Any CPU.ActiveCfg = Debug|Any CPU
		{45AF1EFF-94FB-4867-917A-D2F04EDDAFCE}.Debug|Any CPU.Build.0 = Debug|Any CPU
		{45AF1EFF-94FB-4867-917A-D2F04EDDAFCE}.Release|Any CPU.ActiveCfg = Release|Any CPU
		{45AF1EFF-94FB-4867-917A-D2F04EDDAFCE}.Release|Any CPU.Build.0 = Release|Any CPU
	EndGlobalSection
	GlobalSection(SolutionProperties) = preSolution
		HideSolutionNode = FALSE
	EndGlobalSection
	GlobalSection(ExtensibilityGlobals) = postSolution
		EnterpriseLibraryConfigurationToolBinariesPathV6 = packages\EnterpriseLibrary.TransientFaultHandling.6.0.1304.0\lib\portable-net45+win+wp8
	EndGlobalSection
EndGlobal
